
Microsoft Visual Studio Solution File, Format Version 12.00
# Visual Studio Version 16
VisualStudioVersion = 16.0.33529.622
MinimumVisualStudioVersion = 10.0.40219.1
Project("{FAE04EC0-301F-11D3-BF4B-00C04F79EFBC}") = "SalesWebMvc", "SalesWebMvc\SalesWebMvc.csproj", "{8007A2A5-83E9-478E-AB47-05095900457F}"
EndProject
Global
	GlobalSection(SolutionConfigurationPlatforms) = preSolution
		Debug|Any CPU = Debug|Any CPU
		Release|Any CPU = Release|Any CPU
	EndGlobalSection
	GlobalSection(ProjectConfigurationPlatforms) = postSolution
		{8007A2A5-83E9-478E-AB47-05095900457F}.Debug|Any CPU.ActiveCfg = Debug|Any CPU
		{8007A2A5-83E9-478E-AB47-05095900457F}.Debug|Any CPU.Build.0 = Debug|Any CPU
		{8007A2A5-83E9-478E-AB47-05095900457F}.Release|Any CPU.ActiveCfg = Release|Any CPU
		{8007A2A5-83E9-478E-AB47-05095900457F}.Release|Any CPU.Build.0 = Release|Any CPU
	EndGlobalSection
	GlobalSection(SolutionProperties) = preSolution
		HideSolutionNode = FALSE
	EndGlobalSection
	GlobalSection(ExtensibilityGlobals) = postSolution
		SolutionGuid = {BF46C5D4-FE39-42D4-835C-68A04912B3CB}
	EndGlobalSection
EndGlobal
